
Microsoft Visual Studio Solution File, Format Version 12.00
# Visual Studio Version 16
VisualStudioVersion = 16.0.28922.388
MinimumVisualStudioVersion = 10.0.40219.1
Project("{FAE04EC0-301F-11D3-BF4B-00C04F79EFBC}") = "Crucero", "Crucero\Crucero.csproj", "{C7AAA468-1123-40E4-816F-D4165F80CA42}"
EndProject
Project("{FAE04EC0-301F-11D3-BF4B-00C04F79EFBC}") = "BDContext", "BDContext\BDContext.csproj", "{28160CE9-2458-406D-8AC4-BC448401D43E}"
EndProject
Global
	GlobalSection(SolutionConfigurationPlatforms) = preSolution
		Debug|Any CPU = Debug|Any CPU
		Release|Any CPU = Release|Any CPU
	EndGlobalSection
	GlobalSection(ProjectConfigurationPlatforms) = postSolution
		{C7AAA468-1123-40E4-816F-D4165F80CA42}.Debug|Any CPU.ActiveCfg = Debug|Any CPU
		{C7AAA468-1123-40E4-816F-D4165F80CA42}.Debug|Any CPU.Build.0 = Debug|Any CPU
		{C7AAA468-1123-40E4-816F-D4165F80CA42}.Release|Any CPU.ActiveCfg = Release|Any CPU
		{C7AAA468-1123-40E4-816F-D4165F80CA42}.Release|Any CPU.Build.0 = Release|Any CPU
		{28160CE9-2458-406D-8AC4-BC448401D43E}.Debug|Any CPU.ActiveCfg = Debug|Any CPU
		{28160CE9-2458-406D-8AC4-BC448401D43E}.Debug|Any CPU.Build.0 = Debug|Any CPU
		{28160CE9-2458-406D-8AC4-BC448401D43E}.Release|Any CPU.ActiveCfg = Release|Any CPU
		{28160CE9-2458-406D-8AC4-BC448401D43E}.Release|Any CPU.Build.0 = Release|Any CPU
	EndGlobalSection
	GlobalSection(SolutionProperties) = preSolution
		HideSolutionNode = FALSE
	EndGlobalSection
	GlobalSection(ExtensibilityGlobals) = postSolution
		SolutionGuid = {3FA39898-A7A9-4465-8ED1-ED06E7137A2F}
	EndGlobalSection
EndGlobal
